
Microsoft Visual Studio Solution File, Format Version 12.00
# Visual Studio Version 16
VisualStudioVersion = 16.0.31515.178
MinimumVisualStudioVersion = 10.0.40219.1
Project("{2150E333-8FDC-42A3-9474-1A3956D46DE8}") = "SRC", "SRC", "{3CEDCCB4-79FB-49C2-AA0F-71C1DED6EA6E}"
EndProject
Project("{2150E333-8FDC-42A3-9474-1A3956D46DE8}") = "Core", "Core", "{722D57B2-5032-4E68-BB1A-2F4BA51B3835}"
EndProject
Project("{2150E333-8FDC-42A3-9474-1A3956D46DE8}") = "Infraestructure", "Infraestructure", "{B014DF57-337B-4026-87EC-B58887D6674A}"
EndProject
Project("{2150E333-8FDC-42A3-9474-1A3956D46DE8}") = "Presentation", "Presentation", "{998189EB-D627-4EC4-9863-DF0AB4E3967B}"
EndProject
Project("{2150E333-8FDC-42A3-9474-1A3956D46DE8}") = "Test", "Test", "{761F5386-70DF-4675-8667-97D8319282BD}"
EndProject
Project("{FAE04EC0-301F-11D3-BF4B-00C04F79EFBC}") = "UI.WebApi", "UI.WebApi\UI.WebApi.csproj", "{94466F80-CACF-474A-8633-760DFE032093}"
EndProject
Project("{FAE04EC0-301F-11D3-BF4B-00C04F79EFBC}") = "Core.Domain", "Core.Domain\Core.Domain.csproj", "{0B28DDF6-9AF3-411B-837E-C1AAB0866806}"
EndProject
Project("{FAE04EC0-301F-11D3-BF4B-00C04F79EFBC}") = "Core.Application", "Core.Application\Core.Application.csproj", "{0C2666AB-CF8A-4AA4-974E-1908E0567500}"
EndProject
Project("{FAE04EC0-301F-11D3-BF4B-00C04F79EFBC}") = "Core.Abstractions", "Core.Abstractions\Core.Abstractions.csproj", "{B82E8A47-6387-43EA-98F6-D445BF4FE6BF}"
EndProject
Project("{FAE04EC0-301F-11D3-BF4B-00C04F79EFBC}") = "Infraestructure.EF", "Infraestructure.EF\Infraestructure.EF.csproj", "{AB5AD72B-32AC-4F1C-821A-4D6F45226E67}"
EndProject
Global
	GlobalSection(SolutionConfigurationPlatforms) = preSolution
		Debug|Any CPU = Debug|Any CPU
		Release|Any CPU = Release|Any CPU
	EndGlobalSection
	GlobalSection(ProjectConfigurationPlatforms) = postSolution
		{94466F80-CACF-474A-8633-760DFE032093}.Debug|Any CPU.ActiveCfg = Debug|Any CPU
		{94466F80-CACF-474A-8633-760DFE032093}.Debug|Any CPU.Build.0 = Debug|Any CPU
		{94466F80-CACF-474A-8633-760DFE032093}.Release|Any CPU.ActiveCfg = Release|Any CPU
		{94466F80-CACF-474A-8633-760DFE032093}.Release|Any CPU.Build.0 = Release|Any CPU
		{0B28DDF6-9AF3-411B-837E-C1AAB0866806}.Debug|Any CPU.ActiveCfg = Debug|Any CPU
		{0B28DDF6-9AF3-411B-837E-C1AAB0866806}.Debug|Any CPU.Build.0 = Debug|Any CPU
		{0B28DDF6-9AF3-411B-837E-C1AAB0866806}.Release|Any CPU.ActiveCfg = Release|Any CPU
		{0B28DDF6-9AF3-411B-837E-C1AAB0866806}.Release|Any CPU.Build.0 = Release|Any CPU
		{0C2666AB-CF8A-4AA4-974E-1908E0567500}.Debug|Any CPU.ActiveCfg = Debug|Any CPU
		{0C2666AB-CF8A-4AA4-974E-1908E0567500}.Debug|Any CPU.Build.0 = Debug|Any CPU
		{0C2666AB-CF8A-4AA4-974E-1908E0567500}.Release|Any CPU.ActiveCfg = Release|Any CPU
		{0C2666AB-CF8A-4AA4-974E-1908E0567500}.Release|Any CPU.Build.0 = Release|Any CPU
		{B82E8A47-6387-43EA-98F6-D445BF4FE6BF}.Debug|Any CPU.ActiveCfg = Debug|Any CPU
		{B82E8A47-6387-43EA-98F6-D445BF4FE6BF}.Debug|Any CPU.Build.0 = Debug|Any CPU
		{B82E8A47-6387-43EA-98F6-D445BF4FE6BF}.Release|Any CPU.ActiveCfg = Release|Any CPU
		{B82E8A47-6387-43EA-98F6-D445BF4FE6BF}.Release|Any CPU.Build.0 = Release|Any CPU
		{AB5AD72B-32AC-4F1C-821A-4D6F45226E67}.Debug|Any CPU.ActiveCfg = Debug|Any CPU
		{AB5AD72B-32AC-4F1C-821A-4D6F45226E67}.Debug|Any CPU.Build.0 = Debug|Any CPU
		{AB5AD72B-32AC-4F1C-821A-4D6F45226E67}.Release|Any CPU.ActiveCfg = Release|Any CPU
		{AB5AD72B-32AC-4F1C-821A-4D6F45226E67}.Release|Any CPU.Build.0 = Release|Any CPU
	EndGlobalSection
	GlobalSection(SolutionProperties) = preSolution
		HideSolutionNode = FALSE
	EndGlobalSection
	GlobalSection(NestedProjects) = preSolution
		{722D57B2-5032-4E68-BB1A-2F4BA51B3835} = {3CEDCCB4-79FB-49C2-AA0F-71C1DED6EA6E}
		{B014DF57-337B-4026-87EC-B58887D6674A} = {3CEDCCB4-79FB-49C2-AA0F-71C1DED6EA6E}
		{998189EB-D627-4EC4-9863-DF0AB4E3967B} = {3CEDCCB4-79FB-49C2-AA0F-71C1DED6EA6E}
		{94466F80-CACF-474A-8633-760DFE032093} = {998189EB-D627-4EC4-9863-DF0AB4E3967B}
		{0B28DDF6-9AF3-411B-837E-C1AAB0866806} = {722D57B2-5032-4E68-BB1A-2F4BA51B3835}
		{0C2666AB-CF8A-4AA4-974E-1908E0567500} = {722D57B2-5032-4E68-BB1A-2F4BA51B3835}
		{B82E8A47-6387-43EA-98F6-D445BF4FE6BF} = {722D57B2-5032-4E68-BB1A-2F4BA51B3835}
		{AB5AD72B-32AC-4F1C-821A-4D6F45226E67} = {B014DF57-337B-4026-87EC-B58887D6674A}
	EndGlobalSection
	GlobalSection(ExtensibilityGlobals) = postSolution
		SolutionGuid = {05C286F2-4097-4BC9-998D-53E75C87C638}
	EndGlobalSection
EndGlobal
